
Microsoft Visual Studio Solution File, Format Version 12.00
# Visual Studio Version 17
VisualStudioVersion = 17.8.34408.163
MinimumVisualStudioVersion = 10.0.40219.1
Project("{FAE04EC0-301F-11D3-BF4B-00C04F79EFBC}") = "12BTL", "12BTL\12BTL.csproj", "{658F3404-67D7-4608-82BA-D0A49DA4DD09}"
EndProject
Global
	GlobalSection(SolutionConfigurationPlatforms) = preSolution
		Debug|Any CPU = Debug|Any CPU
		Release|Any CPU = Release|Any CPU
	EndGlobalSection
	GlobalSection(ProjectConfigurationPlatforms) = postSolution
		{658F3404-67D7-4608-82BA-D0A49DA4DD09}.Debug|Any CPU.ActiveCfg = Debug|Any CPU
		{658F3404-67D7-4608-82BA-D0A49DA4DD09}.Debug|Any CPU.Build.0 = Debug|Any CPU
		{658F3404-67D7-4608-82BA-D0A49DA4DD09}.Release|Any CPU.ActiveCfg = Release|Any CPU
		{658F3404-67D7-4608-82BA-D0A49DA4DD09}.Release|Any CPU.Build.0 = Release|Any CPU
	EndGlobalSection
	GlobalSection(SolutionProperties) = preSolution
		HideSolutionNode = FALSE
	EndGlobalSection
	GlobalSection(ExtensibilityGlobals) = postSolution
		SolutionGuid = {65819EF7-D2DA-4A30-A92A-24AAA46D81E0}
	EndGlobalSection
EndGlobal
